
Microsoft Visual Studio Solution File, Format Version 12.00
# Visual Studio 14
VisualStudioVersion = 14.0.25123.0
MinimumVisualStudioVersion = 10.0.40219.1
Project("{FAE04EC0-301F-11D3-BF4B-00C04F79EFBC}") = "Vault16Tester", "Vault16Tester\Vault16Tester.csproj", "{9E9DFFEB-1058-48DC-8EA6-2AA1EABE463D}"
EndProject
Project("{FAE04EC0-301F-11D3-BF4B-00C04F79EFBC}") = "ZSharpVault16lib", "..\..\..\..\..\Area51\Resources\Development\Libs-Sols\ZLibrary\DotNET\ZSharpVault16lib\ZSharpVault15lib\ZSharpVault16lib.csproj", "{3DFFCFD5-DB5D-48AF-BC77-79AC98B9AFBE}"
EndProject
Project("{FAE04EC0-301F-11D3-BF4B-00C04F79EFBC}") = "ZSharpGeneralHelper", "..\..\..\..\..\Area51\Resources\Development\Libs-Sols\ZLibrary\DotNET\ZSharpGeneralHelper\ZSharpGeneralHelper\ZSharpGeneralHelper.csproj", "{941CA4B9-C097-4391-ADFC-61CEF0F18A94}"
EndProject
Project("{FAE04EC0-301F-11D3-BF4B-00C04F79EFBC}") = "ZSharpTextHelper", "..\..\..\..\..\Area51\Resources\Development\Libs-Sols\ZLibrary\DotNET\ZSharpTextHelper\ZSharpTextHelper\ZSharpTextHelper.csproj", "{AFF53B8C-6E72-4AED-9719-F6C1FACAFE50}"
EndProject
Project("{FAE04EC0-301F-11D3-BF4B-00C04F79EFBC}") = "VaultAPI.Data", "..\..\..\..\..\Area51\Resources\Development\Libs-Sols\ZLibrary\DotNET\VaultAPI.Data\VaultAPI.Data.csproj", "{0D1D14D0-6A64-4A28-8D09-B422467D73B8}"
EndProject
Global
	GlobalSection(SolutionConfigurationPlatforms) = preSolution
		Debug|Any CPU = Debug|Any CPU
		Release|Any CPU = Release|Any CPU
	EndGlobalSection
	GlobalSection(ProjectConfigurationPlatforms) = postSolution
		{9E9DFFEB-1058-48DC-8EA6-2AA1EABE463D}.Debug|Any CPU.ActiveCfg = Debug|Any CPU
		{9E9DFFEB-1058-48DC-8EA6-2AA1EABE463D}.Debug|Any CPU.Build.0 = Debug|Any CPU
		{9E9DFFEB-1058-48DC-8EA6-2AA1EABE463D}.Release|Any CPU.ActiveCfg = Release|Any CPU
		{9E9DFFEB-1058-48DC-8EA6-2AA1EABE463D}.Release|Any CPU.Build.0 = Release|Any CPU
		{3DFFCFD5-DB5D-48AF-BC77-79AC98B9AFBE}.Debug|Any CPU.ActiveCfg = Debug|Any CPU
		{3DFFCFD5-DB5D-48AF-BC77-79AC98B9AFBE}.Debug|Any CPU.Build.0 = Debug|Any CPU
		{3DFFCFD5-DB5D-48AF-BC77-79AC98B9AFBE}.Release|Any CPU.ActiveCfg = Release|Any CPU
		{3DFFCFD5-DB5D-48AF-BC77-79AC98B9AFBE}.Release|Any CPU.Build.0 = Release|Any CPU
		{941CA4B9-C097-4391-ADFC-61CEF0F18A94}.Debug|Any CPU.ActiveCfg = Debug|Any CPU
		{941CA4B9-C097-4391-ADFC-61CEF0F18A94}.Debug|Any CPU.Build.0 = Debug|Any CPU
		{941CA4B9-C097-4391-ADFC-61CEF0F18A94}.Release|Any CPU.ActiveCfg = Release|Any CPU
		{941CA4B9-C097-4391-ADFC-61CEF0F18A94}.Release|Any CPU.Build.0 = Release|Any CPU
		{AFF53B8C-6E72-4AED-9719-F6C1FACAFE50}.Debug|Any CPU.ActiveCfg = Debug|Any CPU
		{AFF53B8C-6E72-4AED-9719-F6C1FACAFE50}.Debug|Any CPU.Build.0 = Debug|Any CPU
		{AFF53B8C-6E72-4AED-9719-F6C1FACAFE50}.Release|Any CPU.ActiveCfg = Release|Any CPU
		{AFF53B8C-6E72-4AED-9719-F6C1FACAFE50}.Release|Any CPU.Build.0 = Release|Any CPU
		{0D1D14D0-6A64-4A28-8D09-B422467D73B8}.Debug|Any CPU.ActiveCfg = Debug|Any CPU
		{0D1D14D0-6A64-4A28-8D09-B422467D73B8}.Debug|Any CPU.Build.0 = Debug|Any CPU
		{0D1D14D0-6A64-4A28-8D09-B422467D73B8}.Release|Any CPU.ActiveCfg = Release|Any CPU
		{0D1D14D0-6A64-4A28-8D09-B422467D73B8}.Release|Any CPU.Build.0 = Release|Any CPU
	EndGlobalSection
	GlobalSection(SolutionProperties) = preSolution
		HideSolutionNode = FALSE
	EndGlobalSection
EndGlobal
