
Microsoft Visual Studio Solution File, Format Version 12.00
# Visual Studio 14
VisualStudioVersion = 14.0.25420.1
MinimumVisualStudioVersion = 10.0.40219.1
Project("{FAE04EC0-301F-11D3-BF4B-00C04F79EFBC}") = "ZSharpXMLHelper", "ZSharpXMLHelper\ZSharpXMLHelper.csproj", "{7E184AE7-82EC-4431-A1A9-B514F460126D}"
EndProject
Project("{FAE04EC0-301F-11D3-BF4B-00C04F79EFBC}") = "XMLParserApp", "XMLParserApp\XMLParserApp.csproj", "{C4B0C6E6-AB56-4D27-914A-744A65CA0B1C}"
EndProject
Global
	GlobalSection(SolutionConfigurationPlatforms) = preSolution
		Debug|Any CPU = Debug|Any CPU
		Release|Any CPU = Release|Any CPU
	EndGlobalSection
	GlobalSection(ProjectConfigurationPlatforms) = postSolution
		{7E184AE7-82EC-4431-A1A9-B514F460126D}.Debug|Any CPU.ActiveCfg = Debug|Any CPU
		{7E184AE7-82EC-4431-A1A9-B514F460126D}.Debug|Any CPU.Build.0 = Debug|Any CPU
		{7E184AE7-82EC-4431-A1A9-B514F460126D}.Release|Any CPU.ActiveCfg = Release|Any CPU
		{7E184AE7-82EC-4431-A1A9-B514F460126D}.Release|Any CPU.Build.0 = Release|Any CPU
		{C4B0C6E6-AB56-4D27-914A-744A65CA0B1C}.Debug|Any CPU.ActiveCfg = Debug|Any CPU
		{C4B0C6E6-AB56-4D27-914A-744A65CA0B1C}.Debug|Any CPU.Build.0 = Debug|Any CPU
		{C4B0C6E6-AB56-4D27-914A-744A65CA0B1C}.Release|Any CPU.ActiveCfg = Release|Any CPU
		{C4B0C6E6-AB56-4D27-914A-744A65CA0B1C}.Release|Any CPU.Build.0 = Release|Any CPU
	EndGlobalSection
	GlobalSection(SolutionProperties) = preSolution
		HideSolutionNode = FALSE
	EndGlobalSection
EndGlobal
